
Microsoft Visual Studio Solution File, Format Version 12.00
# Visual Studio Version 16
VisualStudioVersion = 16.0.31105.61
MinimumVisualStudioVersion = 10.0.40219.1
Project("{FAE04EC0-301F-11D3-BF4B-00C04F79EFBC}") = "Eduhome", "Eduhome\Eduhome.csproj", "{A5AE3A20-135A-44E8-ACEE-076D3310A887}"
EndProject
Global
	GlobalSection(SolutionConfigurationPlatforms) = preSolution
		Debug|Any CPU = Debug|Any CPU
		Release|Any CPU = Release|Any CPU
	EndGlobalSection
	GlobalSection(ProjectConfigurationPlatforms) = postSolution
		{A5AE3A20-135A-44E8-ACEE-076D3310A887}.Debug|Any CPU.ActiveCfg = Debug|Any CPU
		{A5AE3A20-135A-44E8-ACEE-076D3310A887}.Debug|Any CPU.Build.0 = Debug|Any CPU
		{A5AE3A20-135A-44E8-ACEE-076D3310A887}.Release|Any CPU.ActiveCfg = Release|Any CPU
		{A5AE3A20-135A-44E8-ACEE-076D3310A887}.Release|Any CPU.Build.0 = Release|Any CPU
	EndGlobalSection
	GlobalSection(SolutionProperties) = preSolution
		HideSolutionNode = FALSE
	EndGlobalSection
	GlobalSection(ExtensibilityGlobals) = postSolution
		SolutionGuid = {00137F82-8C61-47F4-82D7-333823403563}
	EndGlobalSection
EndGlobal
